
Microsoft Visual Studio Solution File, Format Version 12.00
# Visual Studio 15
VisualStudioVersion = 15.0.28307.1022
MinimumVisualStudioVersion = 10.0.40219.1
Project("{FAE04EC0-301F-11D3-BF4B-00C04F79EFBC}") = "MicrosoftTutorial2_Timed_Math_Quiz", "MicrosoftTutorial2_Timed_Math_Quiz\MicrosoftTutorial2_Timed_Math_Quiz.csproj", "{99A3A251-F232-417B-8DB5-8DC660C10D39}"
EndProject
Global
	GlobalSection(SolutionConfigurationPlatforms) = preSolution
		Debug|Any CPU = Debug|Any CPU
		Release|Any CPU = Release|Any CPU
	EndGlobalSection
	GlobalSection(ProjectConfigurationPlatforms) = postSolution
		{99A3A251-F232-417B-8DB5-8DC660C10D39}.Debug|Any CPU.ActiveCfg = Debug|Any CPU
		{99A3A251-F232-417B-8DB5-8DC660C10D39}.Debug|Any CPU.Build.0 = Debug|Any CPU
		{99A3A251-F232-417B-8DB5-8DC660C10D39}.Release|Any CPU.ActiveCfg = Release|Any CPU
		{99A3A251-F232-417B-8DB5-8DC660C10D39}.Release|Any CPU.Build.0 = Release|Any CPU
	EndGlobalSection
	GlobalSection(SolutionProperties) = preSolution
		HideSolutionNode = FALSE
	EndGlobalSection
	GlobalSection(ExtensibilityGlobals) = postSolution
		SolutionGuid = {7FD4B39E-B6C2-4892-9533-49EB95E9CD58}
	EndGlobalSection
EndGlobal
